
Microsoft Visual Studio Solution File, Format Version 12.00
# Visual Studio Version 17
VisualStudioVersion = 17.6.33815.320
MinimumVisualStudioVersion = 10.0.40219.1
Project("{2150E333-8FDC-42A3-9474-1A3956D46DE8}") = "src", "src", "{198ADE59-F826-4981-89FD-4F717EC247F2}"
EndProject
Project("{2150E333-8FDC-42A3-9474-1A3956D46DE8}") = "test", "test", "{53384438-9D92-405B-9EA0-3A4157D2054B}"
EndProject
Project("{9A19103F-16F7-4668-BE54-9A1E7A4F7556}") = "UserCenter.Application", "src\UserCenter.Application\UserCenter.Application.csproj", "{5B2D5945-9A3D-44B1-A6E1-78FAE5E9F1AB}"
EndProject
Project("{9A19103F-16F7-4668-BE54-9A1E7A4F7556}") = "UserCenter.Core", "src\UserCenter.Core\UserCenter.Core.csproj", "{9D75DFB2-9233-4604-996E-4891C1BEF71B}"
EndProject
Project("{9A19103F-16F7-4668-BE54-9A1E7A4F7556}") = "UserCenter.Model", "src\UserCenter.Model\UserCenter.Model.csproj", "{0FC15BB8-2487-48E3-A06B-63F52AF1408D}"
EndProject
Project("{2150E333-8FDC-42A3-9474-1A3956D46DE8}") = "protos", "protos", "{38FA428D-88C4-4995-A792-693F62AB7D20}"
	ProjectSection(SolutionItems) = preProject
		protos\ErrorResult.proto = protos\ErrorResult.proto
		protos\User.proto = protos\User.proto
	EndProjectSection
EndProject
Project("{9A19103F-16F7-4668-BE54-9A1E7A4F7556}") = "UserCenter.GrpcClient", "src\GrpcClient\UserCenter.GrpcClient\UserCenter.GrpcClient.csproj", "{20655E9D-E5D7-4382-8A09-032661B836D1}"
EndProject
Project("{2150E333-8FDC-42A3-9474-1A3956D46DE8}") = "GrpcClient", "GrpcClient", "{0A0B037E-07ED-4462-9C98-EEFD85E0750B}"
EndProject
Project("{FAE04EC0-301F-11D3-BF4B-00C04F79EFBC}") = "UserCenter.GrpcClient.Authentication", "src\GrpcClient\UserCenter.GrpcClient.Authentication\UserCenter.GrpcClient.Authentication.csproj", "{818A3410-0F2C-4D4F-9293-077E509BD31B}"
EndProject
Global
	GlobalSection(SolutionConfigurationPlatforms) = preSolution
		Debug|Any CPU = Debug|Any CPU
		Release|Any CPU = Release|Any CPU
	EndGlobalSection
	GlobalSection(ProjectConfigurationPlatforms) = postSolution
		{5B2D5945-9A3D-44B1-A6E1-78FAE5E9F1AB}.Debug|Any CPU.ActiveCfg = Debug|Any CPU
		{5B2D5945-9A3D-44B1-A6E1-78FAE5E9F1AB}.Debug|Any CPU.Build.0 = Debug|Any CPU
		{5B2D5945-9A3D-44B1-A6E1-78FAE5E9F1AB}.Release|Any CPU.ActiveCfg = Release|Any CPU
		{5B2D5945-9A3D-44B1-A6E1-78FAE5E9F1AB}.Release|Any CPU.Build.0 = Release|Any CPU
		{9D75DFB2-9233-4604-996E-4891C1BEF71B}.Debug|Any CPU.ActiveCfg = Debug|Any CPU
		{9D75DFB2-9233-4604-996E-4891C1BEF71B}.Debug|Any CPU.Build.0 = Debug|Any CPU
		{9D75DFB2-9233-4604-996E-4891C1BEF71B}.Release|Any CPU.ActiveCfg = Release|Any CPU
		{9D75DFB2-9233-4604-996E-4891C1BEF71B}.Release|Any CPU.Build.0 = Release|Any CPU
		{0FC15BB8-2487-48E3-A06B-63F52AF1408D}.Debug|Any CPU.ActiveCfg = Debug|Any CPU
		{0FC15BB8-2487-48E3-A06B-63F52AF1408D}.Debug|Any CPU.Build.0 = Debug|Any CPU
		{0FC15BB8-2487-48E3-A06B-63F52AF1408D}.Release|Any CPU.ActiveCfg = Release|Any CPU
		{0FC15BB8-2487-48E3-A06B-63F52AF1408D}.Release|Any CPU.Build.0 = Release|Any CPU
		{20655E9D-E5D7-4382-8A09-032661B836D1}.Debug|Any CPU.ActiveCfg = Debug|Any CPU
		{20655E9D-E5D7-4382-8A09-032661B836D1}.Debug|Any CPU.Build.0 = Debug|Any CPU
		{20655E9D-E5D7-4382-8A09-032661B836D1}.Release|Any CPU.ActiveCfg = Release|Any CPU
		{20655E9D-E5D7-4382-8A09-032661B836D1}.Release|Any CPU.Build.0 = Release|Any CPU
		{818A3410-0F2C-4D4F-9293-077E509BD31B}.Debug|Any CPU.ActiveCfg = Debug|Any CPU
		{818A3410-0F2C-4D4F-9293-077E509BD31B}.Debug|Any CPU.Build.0 = Debug|Any CPU
		{818A3410-0F2C-4D4F-9293-077E509BD31B}.Release|Any CPU.ActiveCfg = Release|Any CPU
		{818A3410-0F2C-4D4F-9293-077E509BD31B}.Release|Any CPU.Build.0 = Release|Any CPU
	EndGlobalSection
	GlobalSection(SolutionProperties) = preSolution
		HideSolutionNode = FALSE
	EndGlobalSection
	GlobalSection(NestedProjects) = preSolution
		{5B2D5945-9A3D-44B1-A6E1-78FAE5E9F1AB} = {198ADE59-F826-4981-89FD-4F717EC247F2}
		{9D75DFB2-9233-4604-996E-4891C1BEF71B} = {198ADE59-F826-4981-89FD-4F717EC247F2}
		{0FC15BB8-2487-48E3-A06B-63F52AF1408D} = {198ADE59-F826-4981-89FD-4F717EC247F2}
		{20655E9D-E5D7-4382-8A09-032661B836D1} = {0A0B037E-07ED-4462-9C98-EEFD85E0750B}
		{0A0B037E-07ED-4462-9C98-EEFD85E0750B} = {198ADE59-F826-4981-89FD-4F717EC247F2}
		{818A3410-0F2C-4D4F-9293-077E509BD31B} = {0A0B037E-07ED-4462-9C98-EEFD85E0750B}
	EndGlobalSection
	GlobalSection(ExtensibilityGlobals) = postSolution
		SolutionGuid = {DDF12DD7-EFB0-4290-A65B-9BFF399CBB8F}
	EndGlobalSection
EndGlobal
